
Microsoft Visual Studio Solution File, Format Version 12.00
# Visual Studio Version 17
VisualStudioVersion = 17.3.32901.215
MinimumVisualStudioVersion = 10.0.40219.1
Project("{FAE04EC0-301F-11D3-BF4B-00C04F79EFBC}") = "Week2IFStatements", "Week2IFStatements\Week2IFStatements.csproj", "{3F7C9064-54AC-4412-81DA-0E1A0601E8D8}"
EndProject
Global
	GlobalSection(SolutionConfigurationPlatforms) = preSolution
		Debug|Any CPU = Debug|Any CPU
		Release|Any CPU = Release|Any CPU
	EndGlobalSection
	GlobalSection(ProjectConfigurationPlatforms) = postSolution
		{3F7C9064-54AC-4412-81DA-0E1A0601E8D8}.Debug|Any CPU.ActiveCfg = Debug|Any CPU
		{3F7C9064-54AC-4412-81DA-0E1A0601E8D8}.Debug|Any CPU.Build.0 = Debug|Any CPU
		{3F7C9064-54AC-4412-81DA-0E1A0601E8D8}.Release|Any CPU.ActiveCfg = Release|Any CPU
		{3F7C9064-54AC-4412-81DA-0E1A0601E8D8}.Release|Any CPU.Build.0 = Release|Any CPU
	EndGlobalSection
	GlobalSection(SolutionProperties) = preSolution
		HideSolutionNode = FALSE
	EndGlobalSection
	GlobalSection(ExtensibilityGlobals) = postSolution
		SolutionGuid = {1A892BFE-CBE1-4B33-B6D2-5FA4F4FBCB20}
	EndGlobalSection
EndGlobal
